
Microsoft Visual Studio Solution File, Format Version 12.00
# Visual Studio Version 17
VisualStudioVersion = 17.7.34024.191
MinimumVisualStudioVersion = 10.0.40219.1
Project("{FAE04EC0-301F-11D3-BF4B-00C04F79EFBC}") = "lab09.2", "lab09.2.csproj", "{754C9914-6E3C-424A-8E9C-148C35C2E5A3}"
EndProject
Global
	GlobalSection(SolutionConfigurationPlatforms) = preSolution
		Debug|Any CPU = Debug|Any CPU
		Release|Any CPU = Release|Any CPU
	EndGlobalSection
	GlobalSection(ProjectConfigurationPlatforms) = postSolution
		{754C9914-6E3C-424A-8E9C-148C35C2E5A3}.Debug|Any CPU.ActiveCfg = Debug|Any CPU
		{754C9914-6E3C-424A-8E9C-148C35C2E5A3}.Debug|Any CPU.Build.0 = Debug|Any CPU
		{754C9914-6E3C-424A-8E9C-148C35C2E5A3}.Release|Any CPU.ActiveCfg = Release|Any CPU
		{754C9914-6E3C-424A-8E9C-148C35C2E5A3}.Release|Any CPU.Build.0 = Release|Any CPU
	EndGlobalSection
	GlobalSection(SolutionProperties) = preSolution
		HideSolutionNode = FALSE
	EndGlobalSection
	GlobalSection(ExtensibilityGlobals) = postSolution
		SolutionGuid = {D0380D4D-DCC5-4FFF-981D-86C7D3CC9C04}
	EndGlobalSection
EndGlobal
